
Microsoft Visual Studio Solution File, Format Version 12.00
# Visual Studio Version 16
VisualStudioVersion = 16.0.30413.136
MinimumVisualStudioVersion = 10.0.40219.1
Project("{F184B08F-C81C-45F6-A57F-5ABD9991F28F}") = "parcial 1 computo 1 programacion 1", "parcial 1 computo 1 programacion 1\parcial 1 computo 1 programacion 1.vbproj", "{F90D8FBA-EA29-4D33-8409-308B0B9FB499}"
EndProject
Global
	GlobalSection(SolutionConfigurationPlatforms) = preSolution
		Debug|Any CPU = Debug|Any CPU
		Release|Any CPU = Release|Any CPU
	EndGlobalSection
	GlobalSection(ProjectConfigurationPlatforms) = postSolution
		{F90D8FBA-EA29-4D33-8409-308B0B9FB499}.Debug|Any CPU.ActiveCfg = Debug|Any CPU
		{F90D8FBA-EA29-4D33-8409-308B0B9FB499}.Debug|Any CPU.Build.0 = Debug|Any CPU
		{F90D8FBA-EA29-4D33-8409-308B0B9FB499}.Release|Any CPU.ActiveCfg = Release|Any CPU
		{F90D8FBA-EA29-4D33-8409-308B0B9FB499}.Release|Any CPU.Build.0 = Release|Any CPU
	EndGlobalSection
	GlobalSection(SolutionProperties) = preSolution
		HideSolutionNode = FALSE
	EndGlobalSection
	GlobalSection(ExtensibilityGlobals) = postSolution
		SolutionGuid = {2EC875E1-F5A9-4BDF-8AA5-7365FD00CC2B}
	EndGlobalSection
EndGlobal
